
Microsoft Visual Studio Solution File, Format Version 12.00
# Visual Studio Version 16
VisualStudioVersion = 16.0.30611.23
MinimumVisualStudioVersion = 10.0.40219.1
Project("{8BC9CEB8-8B4A-11D0-8D11-00A0C91BC942}") = "1", "1\1.vcxproj", "{D1654282-135F-491C-85F4-5C08187A0AE5}"
EndProject
Project("{8BC9CEB8-8B4A-11D0-8D11-00A0C91BC942}") = "2", "2\2.vcxproj", "{1EA06606-38A5-4179-AB56-F92D19B50F7D}"
EndProject
Project("{8BC9CEB8-8B4A-11D0-8D11-00A0C91BC942}") = "3", "3\3.vcxproj", "{E631AFCC-D495-433B-94A8-23B962994BA1}"
EndProject
Project("{8BC9CEB8-8B4A-11D0-8D11-00A0C91BC942}") = "4", "4\4.vcxproj", "{1BDEECCF-709C-4713-99D0-0C2245A19ABE}"
EndProject
Project("{8BC9CEB8-8B4A-11D0-8D11-00A0C91BC942}") = "5", "5\5.vcxproj", "{E38EAD57-A6D1-4366-9052-9601AFC94D7A}"
EndProject
Project("{8BC9CEB8-8B4A-11D0-8D11-00A0C91BC942}") = "6", "6\6.vcxproj", "{B4259460-D5B1-4718-BF5F-EEA5CFE047C8}"
EndProject
Project("{8BC9CEB8-8B4A-11D0-8D11-00A0C91BC942}") = "7", "7\7.vcxproj", "{FE882111-DEBA-41EB-93D5-54F3751F05C0}"
EndProject
Project("{8BC9CEB8-8B4A-11D0-8D11-00A0C91BC942}") = "8", "8\8.vcxproj", "{70815814-8633-4FE5-BA17-73E22DD4F831}"
EndProject
Project("{8BC9CEB8-8B4A-11D0-8D11-00A0C91BC942}") = "9", "9\9.vcxproj", "{6C0DEDD7-6126-472D-8B97-E2A069206CB0}"
EndProject
Project("{8BC9CEB8-8B4A-11D0-8D11-00A0C91BC942}") = "10", "10\10.vcxproj", "{43148CBF-5CF1-4A72-BF69-A32ABE094050}"
EndProject
Project("{8BC9CEB8-8B4A-11D0-8D11-00A0C91BC942}") = "11", "11\11.vcxproj", "{8501D91B-7114-43C7-8924-F6B7ADBCC303}"
EndProject
Global
	GlobalSection(SolutionConfigurationPlatforms) = preSolution
		Debug|x64 = Debug|x64
		Debug|x86 = Debug|x86
		Release|x64 = Release|x64
		Release|x86 = Release|x86
	EndGlobalSection
	GlobalSection(ProjectConfigurationPlatforms) = postSolution
		{D1654282-135F-491C-85F4-5C08187A0AE5}.Debug|x64.ActiveCfg = Debug|x64
		{D1654282-135F-491C-85F4-5C08187A0AE5}.Debug|x64.Build.0 = Debug|x64
		{D1654282-135F-491C-85F4-5C08187A0AE5}.Debug|x86.ActiveCfg = Debug|Win32
		{D1654282-135F-491C-85F4-5C08187A0AE5}.Debug|x86.Build.0 = Debug|Win32
		{D1654282-135F-491C-85F4-5C08187A0AE5}.Release|x64.ActiveCfg = Release|x64
		{D1654282-135F-491C-85F4-5C08187A0AE5}.Release|x64.Build.0 = Release|x64
		{D1654282-135F-491C-85F4-5C08187A0AE5}.Release|x86.ActiveCfg = Release|Win32
		{D1654282-135F-491C-85F4-5C08187A0AE5}.Release|x86.Build.0 = Release|Win32
		{1EA06606-38A5-4179-AB56-F92D19B50F7D}.Debug|x64.ActiveCfg = Debug|x64
		{1EA06606-38A5-4179-AB56-F92D19B50F7D}.Debug|x64.Build.0 = Debug|x64
		{1EA06606-38A5-4179-AB56-F92D19B50F7D}.Debug|x86.ActiveCfg = Debug|Win32
		{1EA06606-38A5-4179-AB56-F92D19B50F7D}.Debug|x86.Build.0 = Debug|Win32
		{1EA06606-38A5-4179-AB56-F92D19B50F7D}.Release|x64.ActiveCfg = Release|x64
		{1EA06606-38A5-4179-AB56-F92D19B50F7D}.Release|x64.Build.0 = Release|x64
		{1EA06606-38A5-4179-AB56-F92D19B50F7D}.Release|x86.ActiveCfg = Release|Win32
		{1EA06606-38A5-4179-AB56-F92D19B50F7D}.Release|x86.Build.0 = Release|Win32
		{E631AFCC-D495-433B-94A8-23B962994BA1}.Debug|x64.ActiveCfg = Debug|x64
		{E631AFCC-D495-433B-94A8-23B962994BA1}.Debug|x64.Build.0 = Debug|x64
		{E631AFCC-D495-433B-94A8-23B962994BA1}.Debug|x86.ActiveCfg = Debug|Win32
		{E631AFCC-D495-433B-94A8-23B962994BA1}.Debug|x86.Build.0 = Debug|Win32
		{E631AFCC-D495-433B-94A8-23B962994BA1}.Release|x64.ActiveCfg = Release|x64
		{E631AFCC-D495-433B-94A8-23B962994BA1}.Release|x64.Build.0 = Release|x64
		{E631AFCC-D495-433B-94A8-23B962994BA1}.Release|x86.ActiveCfg = Release|Win32
		{E631AFCC-D495-433B-94A8-23B962994BA1}.Release|x86.Build.0 = Release|Win32
		{1BDEECCF-709C-4713-99D0-0C2245A19ABE}.Debug|x64.ActiveCfg = Debug|x64
		{1BDEECCF-709C-4713-99D0-0C2245A19ABE}.Debug|x64.Build.0 = Debug|x64
		{1BDEECCF-709C-4713-99D0-0C2245A19ABE}.Debug|x86.ActiveCfg = Debug|Win32
		{1BDEECCF-709C-4713-99D0-0C2245A19ABE}.Debug|x86.Build.0 = Debug|Win32
		{1BDEECCF-709C-4713-99D0-0C2245A19ABE}.Release|x64.ActiveCfg = Release|x64
		{1BDEECCF-709C-4713-99D0-0C2245A19ABE}.Release|x64.Build.0 = Release|x64
		{1BDEECCF-709C-4713-99D0-0C2245A19ABE}.Release|x86.ActiveCfg = Release|Win32
		{1BDEECCF-709C-4713-99D0-0C2245A19ABE}.Release|x86.Build.0 = Release|Win32
		{E38EAD57-A6D1-4366-9052-9601AFC94D7A}.Debug|x64.ActiveCfg = Debug|x64
		{E38EAD57-A6D1-4366-9052-9601AFC94D7A}.Debug|x64.Build.0 = Debug|x64
		{E38EAD57-A6D1-4366-9052-9601AFC94D7A}.Debug|x86.ActiveCfg = Debug|Win32
		{E38EAD57-A6D1-4366-9052-9601AFC94D7A}.Debug|x86.Build.0 = Debug|Win32
		{E38EAD57-A6D1-4366-9052-9601AFC94D7A}.Release|x64.ActiveCfg = Release|x64
		{E38EAD57-A6D1-4366-9052-9601AFC94D7A}.Release|x64.Build.0 = Release|x64
		{E38EAD57-A6D1-4366-9052-9601AFC94D7A}.Release|x86.ActiveCfg = Release|Win32
		{E38EAD57-A6D1-4366-9052-9601AFC94D7A}.Release|x86.Build.0 = Release|Win32
		{B4259460-D5B1-4718-BF5F-EEA5CFE047C8}.Debug|x64.ActiveCfg = Debug|x64
		{B4259460-D5B1-4718-BF5F-EEA5CFE047C8}.Debug|x64.Build.0 = Debug|x64
		{B4259460-D5B1-4718-BF5F-EEA5CFE047C8}.Debug|x86.ActiveCfg = Debug|Win32
		{B4259460-D5B1-4718-BF5F-EEA5CFE047C8}.Debug|x86.Build.0 = Debug|Win32
		{B4259460-D5B1-4718-BF5F-EEA5CFE047C8}.Release|x64.ActiveCfg = Release|x64
		{B4259460-D5B1-4718-BF5F-EEA5CFE047C8}.Release|x64.Build.0 = Release|x64
		{B4259460-D5B1-4718-BF5F-EEA5CFE047C8}.Release|x86.ActiveCfg = Release|Win32
		{B4259460-D5B1-4718-BF5F-EEA5CFE047C8}.Release|x86.Build.0 = Release|Win32
		{FE882111-DEBA-41EB-93D5-54F3751F05C0}.Debug|x64.ActiveCfg = Debug|x64
		{FE882111-DEBA-41EB-93D5-54F3751F05C0}.Debug|x64.Build.0 = Debug|x64
		{FE882111-DEBA-41EB-93D5-54F3751F05C0}.Debug|x86.ActiveCfg = Debug|Win32
		{FE882111-DEBA-41EB-93D5-54F3751F05C0}.Debug|x86.Build.0 = Debug|Win32
		{FE882111-DEBA-41EB-93D5-54F3751F05C0}.Release|x64.ActiveCfg = Release|x64
		{FE882111-DEBA-41EB-93D5-54F3751F05C0}.Release|x64.Build.0 = Release|x64
		{FE882111-DEBA-41EB-93D5-54F3751F05C0}.Release|x86.ActiveCfg = Release|Win32
		{FE882111-DEBA-41EB-93D5-54F3751F05C0}.Release|x86.Build.0 = Release|Win32
		{70815814-8633-4FE5-BA17-73E22DD4F831}.Debug|x64.ActiveCfg = Debug|x64
		{70815814-8633-4FE5-BA17-73E22DD4F831}.Debug|x64.Build.0 = Debug|x64
		{70815814-8633-4FE5-BA17-73E22DD4F831}.Debug|x86.ActiveCfg = Debug|Win32
		{70815814-8633-4FE5-BA17-73E22DD4F831}.Debug|x86.Build.0 = Debug|Win32
		{70815814-8633-4FE5-BA17-73E22DD4F831}.Release|x64.ActiveCfg = Release|x64
		{70815814-8633-4FE5-BA17-73E22DD4F831}.Release|x64.Build.0 = Release|x64
		{70815814-8633-4FE5-BA17-73E22DD4F831}.Release|x86.ActiveCfg = Release|Win32
		{70815814-8633-4FE5-BA17-73E22DD4F831}.Release|x86.Build.0 = Release|Win32
		{6C0DEDD7-6126-472D-8B97-E2A069206CB0}.Debug|x64.ActiveCfg = Debug|x64
		{6C0DEDD7-6126-472D-8B97-E2A069206CB0}.Debug|x64.Build.0 = Debug|x64
		{6C0DEDD7-6126-472D-8B97-E2A069206CB0}.Debug|x86.ActiveCfg = Debug|Win32
		{6C0DEDD7-6126-472D-8B97-E2A069206CB0}.Debug|x86.Build.0 = Debug|Win32
		{6C0DEDD7-6126-472D-8B97-E2A069206CB0}.Release|x64.ActiveCfg = Release|x64
		{6C0DEDD7-6126-472D-8B97-E2A069206CB0}.Release|x64.Build.0 = Release|x64
		{6C0DEDD7-6126-472D-8B97-E2A069206CB0}.Release|x86.ActiveCfg = Release|Win32
		{6C0DEDD7-6126-472D-8B97-E2A069206CB0}.Release|x86.Build.0 = Release|Win32
		{43148CBF-5CF1-4A72-BF69-A32ABE094050}.Debug|x64.ActiveCfg = Debug|x64
		{43148CBF-5CF1-4A72-BF69-A32ABE094050}.Debug|x64.Build.0 = Debug|x64
		{43148CBF-5CF1-4A72-BF69-A32ABE094050}.Debug|x86.ActiveCfg = Debug|Win32
		{43148CBF-5CF1-4A72-BF69-A32ABE094050}.Debug|x86.Build.0 = Debug|Win32
		{43148CBF-5CF1-4A72-BF69-A32ABE094050}.Release|x64.ActiveCfg = Release|x64
		{43148CBF-5CF1-4A72-BF69-A32ABE094050}.Release|x64.Build.0 = Release|x64
		{43148CBF-5CF1-4A72-BF69-A32ABE094050}.Release|x86.ActiveCfg = Release|Win32
		{43148CBF-5CF1-4A72-BF69-A32ABE094050}.Release|x86.Build.0 = Release|Win32
		{8501D91B-7114-43C7-8924-F6B7ADBCC303}.Debug|x64.ActiveCfg = Debug|x64
		{8501D91B-7114-43C7-8924-F6B7ADBCC303}.Debug|x64.Build.0 = Debug|x64
		{8501D91B-7114-43C7-8924-F6B7ADBCC303}.Debug|x86.ActiveCfg = Debug|Win32
		{8501D91B-7114-43C7-8924-F6B7ADBCC303}.Debug|x86.Build.0 = Debug|Win32
		{8501D91B-7114-43C7-8924-F6B7ADBCC303}.Release|x64.ActiveCfg = Release|x64
		{8501D91B-7114-43C7-8924-F6B7ADBCC303}.Release|x64.Build.0 = Release|x64
		{8501D91B-7114-43C7-8924-F6B7ADBCC303}.Release|x86.ActiveCfg = Release|Win32
		{8501D91B-7114-43C7-8924-F6B7ADBCC303}.Release|x86.Build.0 = Release|Win32
	EndGlobalSection
	GlobalSection(SolutionProperties) = preSolution
		HideSolutionNode = FALSE
	EndGlobalSection
	GlobalSection(ExtensibilityGlobals) = postSolution
		SolutionGuid = {93F27B29-5358-4253-BC18-737466EDC1F1}
	EndGlobalSection
EndGlobal
