
Microsoft Visual Studio Solution File, Format Version 12.00
# Visual Studio Version 16
VisualStudioVersion = 16.0.30503.244
MinimumVisualStudioVersion = 10.0.40219.1
Project("{8BC9CEB8-8B4A-11D0-8D11-00A0C91BC942}") = "1", "1-\1-.vcxproj", "{42E9EFB9-DB19-4958-A0B5-876FFE9D7C5D}"
EndProject
Project("{8BC9CEB8-8B4A-11D0-8D11-00A0C91BC942}") = "2", "2\2.vcxproj", "{9D1F54FB-3BFF-47F5-B583-4EC47D109C9F}"
EndProject
Project("{8BC9CEB8-8B4A-11D0-8D11-00A0C91BC942}") = "3", "3\3.vcxproj", "{FB3E78F8-3D28-4C0B-A81A-1D2634A3FEFB}"
EndProject
Project("{8BC9CEB8-8B4A-11D0-8D11-00A0C91BC942}") = "4", "4\4.vcxproj", "{1BF1E882-7682-4CE5-B468-C7275CA69B2A}"
EndProject
Project("{8BC9CEB8-8B4A-11D0-8D11-00A0C91BC942}") = "5", "5\5.vcxproj", "{EA23F745-FE8C-43CA-AFEC-CEC89E33366D}"
EndProject
Project("{8BC9CEB8-8B4A-11D0-8D11-00A0C91BC942}") = "6", "6\6.vcxproj", "{1CD68E28-BF87-4381-9F47-312AC727886E}"
EndProject
Global
	GlobalSection(SolutionConfigurationPlatforms) = preSolution
		Debug|x64 = Debug|x64
		Debug|x86 = Debug|x86
		Release|x64 = Release|x64
		Release|x86 = Release|x86
	EndGlobalSection
	GlobalSection(ProjectConfigurationPlatforms) = postSolution
		{42E9EFB9-DB19-4958-A0B5-876FFE9D7C5D}.Debug|x64.ActiveCfg = Debug|x64
		{42E9EFB9-DB19-4958-A0B5-876FFE9D7C5D}.Debug|x64.Build.0 = Debug|x64
		{42E9EFB9-DB19-4958-A0B5-876FFE9D7C5D}.Debug|x86.ActiveCfg = Debug|Win32
		{42E9EFB9-DB19-4958-A0B5-876FFE9D7C5D}.Debug|x86.Build.0 = Debug|Win32
		{42E9EFB9-DB19-4958-A0B5-876FFE9D7C5D}.Release|x64.ActiveCfg = Release|x64
		{42E9EFB9-DB19-4958-A0B5-876FFE9D7C5D}.Release|x64.Build.0 = Release|x64
		{42E9EFB9-DB19-4958-A0B5-876FFE9D7C5D}.Release|x86.ActiveCfg = Release|Win32
		{42E9EFB9-DB19-4958-A0B5-876FFE9D7C5D}.Release|x86.Build.0 = Release|Win32
		{9D1F54FB-3BFF-47F5-B583-4EC47D109C9F}.Debug|x64.ActiveCfg = Debug|x64
		{9D1F54FB-3BFF-47F5-B583-4EC47D109C9F}.Debug|x64.Build.0 = Debug|x64
		{9D1F54FB-3BFF-47F5-B583-4EC47D109C9F}.Debug|x86.ActiveCfg = Debug|Win32
		{9D1F54FB-3BFF-47F5-B583-4EC47D109C9F}.Debug|x86.Build.0 = Debug|Win32
		{9D1F54FB-3BFF-47F5-B583-4EC47D109C9F}.Release|x64.ActiveCfg = Release|x64
		{9D1F54FB-3BFF-47F5-B583-4EC47D109C9F}.Release|x64.Build.0 = Release|x64
		{9D1F54FB-3BFF-47F5-B583-4EC47D109C9F}.Release|x86.ActiveCfg = Release|Win32
		{9D1F54FB-3BFF-47F5-B583-4EC47D109C9F}.Release|x86.Build.0 = Release|Win32
		{FB3E78F8-3D28-4C0B-A81A-1D2634A3FEFB}.Debug|x64.ActiveCfg = Debug|x64
		{FB3E78F8-3D28-4C0B-A81A-1D2634A3FEFB}.Debug|x64.Build.0 = Debug|x64
		{FB3E78F8-3D28-4C0B-A81A-1D2634A3FEFB}.Debug|x86.ActiveCfg = Debug|Win32
		{FB3E78F8-3D28-4C0B-A81A-1D2634A3FEFB}.Debug|x86.Build.0 = Debug|Win32
		{FB3E78F8-3D28-4C0B-A81A-1D2634A3FEFB}.Release|x64.ActiveCfg = Release|x64
		{FB3E78F8-3D28-4C0B-A81A-1D2634A3FEFB}.Release|x64.Build.0 = Release|x64
		{FB3E78F8-3D28-4C0B-A81A-1D2634A3FEFB}.Release|x86.ActiveCfg = Release|Win32
		{FB3E78F8-3D28-4C0B-A81A-1D2634A3FEFB}.Release|x86.Build.0 = Release|Win32
		{1BF1E882-7682-4CE5-B468-C7275CA69B2A}.Debug|x64.ActiveCfg = Debug|x64
		{1BF1E882-7682-4CE5-B468-C7275CA69B2A}.Debug|x64.Build.0 = Debug|x64
		{1BF1E882-7682-4CE5-B468-C7275CA69B2A}.Debug|x86.ActiveCfg = Debug|Win32
		{1BF1E882-7682-4CE5-B468-C7275CA69B2A}.Debug|x86.Build.0 = Debug|Win32
		{1BF1E882-7682-4CE5-B468-C7275CA69B2A}.Release|x64.ActiveCfg = Release|x64
		{1BF1E882-7682-4CE5-B468-C7275CA69B2A}.Release|x64.Build.0 = Release|x64
		{1BF1E882-7682-4CE5-B468-C7275CA69B2A}.Release|x86.ActiveCfg = Release|Win32
		{1BF1E882-7682-4CE5-B468-C7275CA69B2A}.Release|x86.Build.0 = Release|Win32
		{EA23F745-FE8C-43CA-AFEC-CEC89E33366D}.Debug|x64.ActiveCfg = Debug|x64
		{EA23F745-FE8C-43CA-AFEC-CEC89E33366D}.Debug|x64.Build.0 = Debug|x64
		{EA23F745-FE8C-43CA-AFEC-CEC89E33366D}.Debug|x86.ActiveCfg = Debug|Win32
		{EA23F745-FE8C-43CA-AFEC-CEC89E33366D}.Debug|x86.Build.0 = Debug|Win32
		{EA23F745-FE8C-43CA-AFEC-CEC89E33366D}.Release|x64.ActiveCfg = Release|x64
		{EA23F745-FE8C-43CA-AFEC-CEC89E33366D}.Release|x64.Build.0 = Release|x64
		{EA23F745-FE8C-43CA-AFEC-CEC89E33366D}.Release|x86.ActiveCfg = Release|Win32
		{EA23F745-FE8C-43CA-AFEC-CEC89E33366D}.Release|x86.Build.0 = Release|Win32
		{1CD68E28-BF87-4381-9F47-312AC727886E}.Debug|x64.ActiveCfg = Debug|x64
		{1CD68E28-BF87-4381-9F47-312AC727886E}.Debug|x64.Build.0 = Debug|x64
		{1CD68E28-BF87-4381-9F47-312AC727886E}.Debug|x86.ActiveCfg = Debug|Win32
		{1CD68E28-BF87-4381-9F47-312AC727886E}.Debug|x86.Build.0 = Debug|Win32
		{1CD68E28-BF87-4381-9F47-312AC727886E}.Release|x64.ActiveCfg = Release|x64
		{1CD68E28-BF87-4381-9F47-312AC727886E}.Release|x64.Build.0 = Release|x64
		{1CD68E28-BF87-4381-9F47-312AC727886E}.Release|x86.ActiveCfg = Release|Win32
		{1CD68E28-BF87-4381-9F47-312AC727886E}.Release|x86.Build.0 = Release|Win32
	EndGlobalSection
	GlobalSection(SolutionProperties) = preSolution
		HideSolutionNode = FALSE
	EndGlobalSection
	GlobalSection(ExtensibilityGlobals) = postSolution
		SolutionGuid = {530E0303-A80B-4232-808E-52534A8AABD4}
	EndGlobalSection
EndGlobal
