
Microsoft Visual Studio Solution File, Format Version 12.00
# Visual Studio Version 16
VisualStudioVersion = 16.0.30621.155
MinimumVisualStudioVersion = 10.0.40219.1
Project("{8BC9CEB8-8B4A-11D0-8D11-00A0C91BC942}") = "1", "1\1.vcxproj", "{24B8DFF5-4F8F-4FD7-ADE2-A8698D424925}"
EndProject
Project("{8BC9CEB8-8B4A-11D0-8D11-00A0C91BC942}") = "2", "2\2.vcxproj", "{603CEBEF-F68C-4C64-8476-7D75EF5AD654}"
EndProject
Project("{8BC9CEB8-8B4A-11D0-8D11-00A0C91BC942}") = "3", "3\3.vcxproj", "{5492D7A4-8970-412E-9CEB-622B7E4B5BC0}"
EndProject
Project("{8BC9CEB8-8B4A-11D0-8D11-00A0C91BC942}") = "4", "4\4.vcxproj", "{9EA27109-E51B-4B3F-B080-693322BF584F}"
EndProject
Project("{8BC9CEB8-8B4A-11D0-8D11-00A0C91BC942}") = "5", "5\5.vcxproj", "{AD582B08-DEBB-4339-B66C-CB8643E4B543}"
EndProject
Project("{8BC9CEB8-8B4A-11D0-8D11-00A0C91BC942}") = "6", "6\6.vcxproj", "{E8B16815-0C50-4231-9757-0F869DEC7A7B}"
EndProject
Project("{8BC9CEB8-8B4A-11D0-8D11-00A0C91BC942}") = "7", "7\7.vcxproj", "{5FB3B8A4-FAD4-4E49-B05B-B7273F8997E5}"
EndProject
Project("{8BC9CEB8-8B4A-11D0-8D11-00A0C91BC942}") = "8", "8\8.vcxproj", "{E0588F3E-0FB5-412F-8C15-883E28733C3A}"
EndProject
Project("{8BC9CEB8-8B4A-11D0-8D11-00A0C91BC942}") = "9", "9\9.vcxproj", "{1A436CF3-1612-4369-80A1-AE12BABF7AC2}"
EndProject
Project("{8BC9CEB8-8B4A-11D0-8D11-00A0C91BC942}") = "10", "10\10.vcxproj", "{37DCE661-BD3F-4DD0-8326-728886723741}"
EndProject
Project("{8BC9CEB8-8B4A-11D0-8D11-00A0C91BC942}") = "11", "11\11.vcxproj", "{523A1AEB-A5CA-4919-9CDC-0720A23130C0}"
EndProject
Global
	GlobalSection(SolutionConfigurationPlatforms) = preSolution
		Debug|x64 = Debug|x64
		Debug|x86 = Debug|x86
		Release|x64 = Release|x64
		Release|x86 = Release|x86
	EndGlobalSection
	GlobalSection(ProjectConfigurationPlatforms) = postSolution
		{24B8DFF5-4F8F-4FD7-ADE2-A8698D424925}.Debug|x64.ActiveCfg = Debug|x64
		{24B8DFF5-4F8F-4FD7-ADE2-A8698D424925}.Debug|x64.Build.0 = Debug|x64
		{24B8DFF5-4F8F-4FD7-ADE2-A8698D424925}.Debug|x86.ActiveCfg = Debug|Win32
		{24B8DFF5-4F8F-4FD7-ADE2-A8698D424925}.Debug|x86.Build.0 = Debug|Win32
		{24B8DFF5-4F8F-4FD7-ADE2-A8698D424925}.Release|x64.ActiveCfg = Release|x64
		{24B8DFF5-4F8F-4FD7-ADE2-A8698D424925}.Release|x64.Build.0 = Release|x64
		{24B8DFF5-4F8F-4FD7-ADE2-A8698D424925}.Release|x86.ActiveCfg = Release|Win32
		{24B8DFF5-4F8F-4FD7-ADE2-A8698D424925}.Release|x86.Build.0 = Release|Win32
		{603CEBEF-F68C-4C64-8476-7D75EF5AD654}.Debug|x64.ActiveCfg = Debug|x64
		{603CEBEF-F68C-4C64-8476-7D75EF5AD654}.Debug|x64.Build.0 = Debug|x64
		{603CEBEF-F68C-4C64-8476-7D75EF5AD654}.Debug|x86.ActiveCfg = Debug|Win32
		{603CEBEF-F68C-4C64-8476-7D75EF5AD654}.Debug|x86.Build.0 = Debug|Win32
		{603CEBEF-F68C-4C64-8476-7D75EF5AD654}.Release|x64.ActiveCfg = Release|x64
		{603CEBEF-F68C-4C64-8476-7D75EF5AD654}.Release|x64.Build.0 = Release|x64
		{603CEBEF-F68C-4C64-8476-7D75EF5AD654}.Release|x86.ActiveCfg = Release|Win32
		{603CEBEF-F68C-4C64-8476-7D75EF5AD654}.Release|x86.Build.0 = Release|Win32
		{5492D7A4-8970-412E-9CEB-622B7E4B5BC0}.Debug|x64.ActiveCfg = Debug|x64
		{5492D7A4-8970-412E-9CEB-622B7E4B5BC0}.Debug|x64.Build.0 = Debug|x64
		{5492D7A4-8970-412E-9CEB-622B7E4B5BC0}.Debug|x86.ActiveCfg = Debug|Win32
		{5492D7A4-8970-412E-9CEB-622B7E4B5BC0}.Debug|x86.Build.0 = Debug|Win32
		{5492D7A4-8970-412E-9CEB-622B7E4B5BC0}.Release|x64.ActiveCfg = Release|x64
		{5492D7A4-8970-412E-9CEB-622B7E4B5BC0}.Release|x64.Build.0 = Release|x64
		{5492D7A4-8970-412E-9CEB-622B7E4B5BC0}.Release|x86.ActiveCfg = Release|Win32
		{5492D7A4-8970-412E-9CEB-622B7E4B5BC0}.Release|x86.Build.0 = Release|Win32
		{9EA27109-E51B-4B3F-B080-693322BF584F}.Debug|x64.ActiveCfg = Debug|x64
		{9EA27109-E51B-4B3F-B080-693322BF584F}.Debug|x64.Build.0 = Debug|x64
		{9EA27109-E51B-4B3F-B080-693322BF584F}.Debug|x86.ActiveCfg = Debug|Win32
		{9EA27109-E51B-4B3F-B080-693322BF584F}.Debug|x86.Build.0 = Debug|Win32
		{9EA27109-E51B-4B3F-B080-693322BF584F}.Release|x64.ActiveCfg = Release|x64
		{9EA27109-E51B-4B3F-B080-693322BF584F}.Release|x64.Build.0 = Release|x64
		{9EA27109-E51B-4B3F-B080-693322BF584F}.Release|x86.ActiveCfg = Release|Win32
		{9EA27109-E51B-4B3F-B080-693322BF584F}.Release|x86.Build.0 = Release|Win32
		{AD582B08-DEBB-4339-B66C-CB8643E4B543}.Debug|x64.ActiveCfg = Debug|x64
		{AD582B08-DEBB-4339-B66C-CB8643E4B543}.Debug|x64.Build.0 = Debug|x64
		{AD582B08-DEBB-4339-B66C-CB8643E4B543}.Debug|x86.ActiveCfg = Debug|Win32
		{AD582B08-DEBB-4339-B66C-CB8643E4B543}.Debug|x86.Build.0 = Debug|Win32
		{AD582B08-DEBB-4339-B66C-CB8643E4B543}.Release|x64.ActiveCfg = Release|x64
		{AD582B08-DEBB-4339-B66C-CB8643E4B543}.Release|x64.Build.0 = Release|x64
		{AD582B08-DEBB-4339-B66C-CB8643E4B543}.Release|x86.ActiveCfg = Release|Win32
		{AD582B08-DEBB-4339-B66C-CB8643E4B543}.Release|x86.Build.0 = Release|Win32
		{E8B16815-0C50-4231-9757-0F869DEC7A7B}.Debug|x64.ActiveCfg = Debug|x64
		{E8B16815-0C50-4231-9757-0F869DEC7A7B}.Debug|x64.Build.0 = Debug|x64
		{E8B16815-0C50-4231-9757-0F869DEC7A7B}.Debug|x86.ActiveCfg = Debug|Win32
		{E8B16815-0C50-4231-9757-0F869DEC7A7B}.Debug|x86.Build.0 = Debug|Win32
		{E8B16815-0C50-4231-9757-0F869DEC7A7B}.Release|x64.ActiveCfg = Release|x64
		{E8B16815-0C50-4231-9757-0F869DEC7A7B}.Release|x64.Build.0 = Release|x64
		{E8B16815-0C50-4231-9757-0F869DEC7A7B}.Release|x86.ActiveCfg = Release|Win32
		{E8B16815-0C50-4231-9757-0F869DEC7A7B}.Release|x86.Build.0 = Release|Win32
		{5FB3B8A4-FAD4-4E49-B05B-B7273F8997E5}.Debug|x64.ActiveCfg = Debug|x64
		{5FB3B8A4-FAD4-4E49-B05B-B7273F8997E5}.Debug|x64.Build.0 = Debug|x64
		{5FB3B8A4-FAD4-4E49-B05B-B7273F8997E5}.Debug|x86.ActiveCfg = Debug|Win32
		{5FB3B8A4-FAD4-4E49-B05B-B7273F8997E5}.Debug|x86.Build.0 = Debug|Win32
		{5FB3B8A4-FAD4-4E49-B05B-B7273F8997E5}.Release|x64.ActiveCfg = Release|x64
		{5FB3B8A4-FAD4-4E49-B05B-B7273F8997E5}.Release|x64.Build.0 = Release|x64
		{5FB3B8A4-FAD4-4E49-B05B-B7273F8997E5}.Release|x86.ActiveCfg = Release|Win32
		{5FB3B8A4-FAD4-4E49-B05B-B7273F8997E5}.Release|x86.Build.0 = Release|Win32
		{E0588F3E-0FB5-412F-8C15-883E28733C3A}.Debug|x64.ActiveCfg = Debug|x64
		{E0588F3E-0FB5-412F-8C15-883E28733C3A}.Debug|x64.Build.0 = Debug|x64
		{E0588F3E-0FB5-412F-8C15-883E28733C3A}.Debug|x86.ActiveCfg = Debug|Win32
		{E0588F3E-0FB5-412F-8C15-883E28733C3A}.Debug|x86.Build.0 = Debug|Win32
		{E0588F3E-0FB5-412F-8C15-883E28733C3A}.Release|x64.ActiveCfg = Release|x64
		{E0588F3E-0FB5-412F-8C15-883E28733C3A}.Release|x64.Build.0 = Release|x64
		{E0588F3E-0FB5-412F-8C15-883E28733C3A}.Release|x86.ActiveCfg = Release|Win32
		{E0588F3E-0FB5-412F-8C15-883E28733C3A}.Release|x86.Build.0 = Release|Win32
		{1A436CF3-1612-4369-80A1-AE12BABF7AC2}.Debug|x64.ActiveCfg = Debug|x64
		{1A436CF3-1612-4369-80A1-AE12BABF7AC2}.Debug|x64.Build.0 = Debug|x64
		{1A436CF3-1612-4369-80A1-AE12BABF7AC2}.Debug|x86.ActiveCfg = Debug|Win32
		{1A436CF3-1612-4369-80A1-AE12BABF7AC2}.Debug|x86.Build.0 = Debug|Win32
		{1A436CF3-1612-4369-80A1-AE12BABF7AC2}.Release|x64.ActiveCfg = Release|x64
		{1A436CF3-1612-4369-80A1-AE12BABF7AC2}.Release|x64.Build.0 = Release|x64
		{1A436CF3-1612-4369-80A1-AE12BABF7AC2}.Release|x86.ActiveCfg = Release|Win32
		{1A436CF3-1612-4369-80A1-AE12BABF7AC2}.Release|x86.Build.0 = Release|Win32
		{37DCE661-BD3F-4DD0-8326-728886723741}.Debug|x64.ActiveCfg = Debug|x64
		{37DCE661-BD3F-4DD0-8326-728886723741}.Debug|x64.Build.0 = Debug|x64
		{37DCE661-BD3F-4DD0-8326-728886723741}.Debug|x86.ActiveCfg = Debug|Win32
		{37DCE661-BD3F-4DD0-8326-728886723741}.Debug|x86.Build.0 = Debug|Win32
		{37DCE661-BD3F-4DD0-8326-728886723741}.Release|x64.ActiveCfg = Release|x64
		{37DCE661-BD3F-4DD0-8326-728886723741}.Release|x64.Build.0 = Release|x64
		{37DCE661-BD3F-4DD0-8326-728886723741}.Release|x86.ActiveCfg = Release|Win32
		{37DCE661-BD3F-4DD0-8326-728886723741}.Release|x86.Build.0 = Release|Win32
		{523A1AEB-A5CA-4919-9CDC-0720A23130C0}.Debug|x64.ActiveCfg = Debug|x64
		{523A1AEB-A5CA-4919-9CDC-0720A23130C0}.Debug|x64.Build.0 = Debug|x64
		{523A1AEB-A5CA-4919-9CDC-0720A23130C0}.Debug|x86.ActiveCfg = Debug|Win32
		{523A1AEB-A5CA-4919-9CDC-0720A23130C0}.Debug|x86.Build.0 = Debug|Win32
		{523A1AEB-A5CA-4919-9CDC-0720A23130C0}.Release|x64.ActiveCfg = Release|x64
		{523A1AEB-A5CA-4919-9CDC-0720A23130C0}.Release|x64.Build.0 = Release|x64
		{523A1AEB-A5CA-4919-9CDC-0720A23130C0}.Release|x86.ActiveCfg = Release|Win32
		{523A1AEB-A5CA-4919-9CDC-0720A23130C0}.Release|x86.Build.0 = Release|Win32
	EndGlobalSection
	GlobalSection(SolutionProperties) = preSolution
		HideSolutionNode = FALSE
	EndGlobalSection
	GlobalSection(ExtensibilityGlobals) = postSolution
		SolutionGuid = {CA6A5A43-EF32-4CF1-B1C0-FDF8CAF48385}
	EndGlobalSection
EndGlobal
