
Microsoft Visual Studio Solution File, Format Version 12.00
# Visual Studio Version 16
VisualStudioVersion = 16.0.30503.244
MinimumVisualStudioVersion = 10.0.40219.1
Project("{8BC9CEB8-8B4A-11D0-8D11-00A0C91BC942}") = "1", "1\1.vcxproj", "{42E9EFB9-DB19-4958-A0B5-876FFE9D7C5D}"
EndProject
Project("{8BC9CEB8-8B4A-11D0-8D11-00A0C91BC942}") = "2", "2\2.vcxproj", "{9D1F54FB-3BFF-47F5-B583-4EC47D109C9F}"
EndProject
Project("{8BC9CEB8-8B4A-11D0-8D11-00A0C91BC942}") = "3", "3\3.vcxproj", "{FB3E78F8-3D28-4C0B-A81A-1D2634A3FEFB}"
EndProject
Project("{8BC9CEB8-8B4A-11D0-8D11-00A0C91BC942}") = "4", "4\4.vcxproj", "{1BF1E882-7682-4CE5-B468-C7275CA69B2A}"
EndProject
Project("{8BC9CEB8-8B4A-11D0-8D11-00A0C91BC942}") = "5", "5\5.vcxproj", "{EA23F745-FE8C-43CA-AFEC-CEC89E33366D}"
EndProject
Project("{8BC9CEB8-8B4A-11D0-8D11-00A0C91BC942}") = "6", "6\6.vcxproj", "{1CD68E28-BF87-4381-9F47-312AC727886E}"
EndProject
Project("{8BC9CEB8-8B4A-11D0-8D11-00A0C91BC942}") = "7", "7\7.vcxproj", "{AFFA2070-DC02-474D-882C-5178ED4F7B04}"
EndProject
Project("{8BC9CEB8-8B4A-11D0-8D11-00A0C91BC942}") = "8", "8\8.vcxproj", "{BA7EC5BC-F4F8-462A-9120-82FD989E204C}"
EndProject
Project("{8BC9CEB8-8B4A-11D0-8D11-00A0C91BC942}") = "9", "9\9.vcxproj", "{093827FA-F2ED-48B5-992C-60C7A67C8BF0}"
EndProject
Project("{8BC9CEB8-8B4A-11D0-8D11-00A0C91BC942}") = "10", "10\10.vcxproj", "{4F0851B2-6500-4606-8F93-CC0349EA9196}"
EndProject
Project("{8BC9CEB8-8B4A-11D0-8D11-00A0C91BC942}") = "11", "11\11.vcxproj", "{5B98DD83-6789-4C42-AB1D-42CB62141A8C}"
EndProject
Project("{8BC9CEB8-8B4A-11D0-8D11-00A0C91BC942}") = "12", "12\12.vcxproj", "{8E03F82E-75D9-4A7A-A05D-2D213BD12110}"
EndProject
Global
	GlobalSection(SolutionConfigurationPlatforms) = preSolution
		Debug|x64 = Debug|x64
		Debug|x86 = Debug|x86
		Release|x64 = Release|x64
		Release|x86 = Release|x86
	EndGlobalSection
	GlobalSection(ProjectConfigurationPlatforms) = postSolution
		{42E9EFB9-DB19-4958-A0B5-876FFE9D7C5D}.Debug|x64.ActiveCfg = Debug|x64
		{42E9EFB9-DB19-4958-A0B5-876FFE9D7C5D}.Debug|x64.Build.0 = Debug|x64
		{42E9EFB9-DB19-4958-A0B5-876FFE9D7C5D}.Debug|x86.ActiveCfg = Debug|Win32
		{42E9EFB9-DB19-4958-A0B5-876FFE9D7C5D}.Debug|x86.Build.0 = Debug|Win32
		{42E9EFB9-DB19-4958-A0B5-876FFE9D7C5D}.Release|x64.ActiveCfg = Release|x64
		{42E9EFB9-DB19-4958-A0B5-876FFE9D7C5D}.Release|x64.Build.0 = Release|x64
		{42E9EFB9-DB19-4958-A0B5-876FFE9D7C5D}.Release|x86.ActiveCfg = Release|Win32
		{42E9EFB9-DB19-4958-A0B5-876FFE9D7C5D}.Release|x86.Build.0 = Release|Win32
		{9D1F54FB-3BFF-47F5-B583-4EC47D109C9F}.Debug|x64.ActiveCfg = Debug|x64
		{9D1F54FB-3BFF-47F5-B583-4EC47D109C9F}.Debug|x64.Build.0 = Debug|x64
		{9D1F54FB-3BFF-47F5-B583-4EC47D109C9F}.Debug|x86.ActiveCfg = Debug|Win32
		{9D1F54FB-3BFF-47F5-B583-4EC47D109C9F}.Debug|x86.Build.0 = Debug|Win32
		{9D1F54FB-3BFF-47F5-B583-4EC47D109C9F}.Release|x64.ActiveCfg = Release|x64
		{9D1F54FB-3BFF-47F5-B583-4EC47D109C9F}.Release|x64.Build.0 = Release|x64
		{9D1F54FB-3BFF-47F5-B583-4EC47D109C9F}.Release|x86.ActiveCfg = Release|Win32
		{9D1F54FB-3BFF-47F5-B583-4EC47D109C9F}.Release|x86.Build.0 = Release|Win32
		{FB3E78F8-3D28-4C0B-A81A-1D2634A3FEFB}.Debug|x64.ActiveCfg = Debug|x64
		{FB3E78F8-3D28-4C0B-A81A-1D2634A3FEFB}.Debug|x64.Build.0 = Debug|x64
		{FB3E78F8-3D28-4C0B-A81A-1D2634A3FEFB}.Debug|x86.ActiveCfg = Debug|Win32
		{FB3E78F8-3D28-4C0B-A81A-1D2634A3FEFB}.Debug|x86.Build.0 = Debug|Win32
		{FB3E78F8-3D28-4C0B-A81A-1D2634A3FEFB}.Release|x64.ActiveCfg = Release|x64
		{FB3E78F8-3D28-4C0B-A81A-1D2634A3FEFB}.Release|x64.Build.0 = Release|x64
		{FB3E78F8-3D28-4C0B-A81A-1D2634A3FEFB}.Release|x86.ActiveCfg = Release|Win32
		{FB3E78F8-3D28-4C0B-A81A-1D2634A3FEFB}.Release|x86.Build.0 = Release|Win32
		{1BF1E882-7682-4CE5-B468-C7275CA69B2A}.Debug|x64.ActiveCfg = Debug|x64
		{1BF1E882-7682-4CE5-B468-C7275CA69B2A}.Debug|x64.Build.0 = Debug|x64
		{1BF1E882-7682-4CE5-B468-C7275CA69B2A}.Debug|x86.ActiveCfg = Debug|Win32
		{1BF1E882-7682-4CE5-B468-C7275CA69B2A}.Debug|x86.Build.0 = Debug|Win32
		{1BF1E882-7682-4CE5-B468-C7275CA69B2A}.Release|x64.ActiveCfg = Release|x64
		{1BF1E882-7682-4CE5-B468-C7275CA69B2A}.Release|x64.Build.0 = Release|x64
		{1BF1E882-7682-4CE5-B468-C7275CA69B2A}.Release|x86.ActiveCfg = Release|Win32
		{1BF1E882-7682-4CE5-B468-C7275CA69B2A}.Release|x86.Build.0 = Release|Win32
		{EA23F745-FE8C-43CA-AFEC-CEC89E33366D}.Debug|x64.ActiveCfg = Debug|x64
		{EA23F745-FE8C-43CA-AFEC-CEC89E33366D}.Debug|x64.Build.0 = Debug|x64
		{EA23F745-FE8C-43CA-AFEC-CEC89E33366D}.Debug|x86.ActiveCfg = Debug|Win32
		{EA23F745-FE8C-43CA-AFEC-CEC89E33366D}.Debug|x86.Build.0 = Debug|Win32
		{EA23F745-FE8C-43CA-AFEC-CEC89E33366D}.Release|x64.ActiveCfg = Release|x64
		{EA23F745-FE8C-43CA-AFEC-CEC89E33366D}.Release|x64.Build.0 = Release|x64
		{EA23F745-FE8C-43CA-AFEC-CEC89E33366D}.Release|x86.ActiveCfg = Release|Win32
		{EA23F745-FE8C-43CA-AFEC-CEC89E33366D}.Release|x86.Build.0 = Release|Win32
		{1CD68E28-BF87-4381-9F47-312AC727886E}.Debug|x64.ActiveCfg = Debug|x64
		{1CD68E28-BF87-4381-9F47-312AC727886E}.Debug|x64.Build.0 = Debug|x64
		{1CD68E28-BF87-4381-9F47-312AC727886E}.Debug|x86.ActiveCfg = Debug|Win32
		{1CD68E28-BF87-4381-9F47-312AC727886E}.Debug|x86.Build.0 = Debug|Win32
		{1CD68E28-BF87-4381-9F47-312AC727886E}.Release|x64.ActiveCfg = Release|x64
		{1CD68E28-BF87-4381-9F47-312AC727886E}.Release|x64.Build.0 = Release|x64
		{1CD68E28-BF87-4381-9F47-312AC727886E}.Release|x86.ActiveCfg = Release|Win32
		{1CD68E28-BF87-4381-9F47-312AC727886E}.Release|x86.Build.0 = Release|Win32
		{AFFA2070-DC02-474D-882C-5178ED4F7B04}.Debug|x64.ActiveCfg = Debug|x64
		{AFFA2070-DC02-474D-882C-5178ED4F7B04}.Debug|x64.Build.0 = Debug|x64
		{AFFA2070-DC02-474D-882C-5178ED4F7B04}.Debug|x86.ActiveCfg = Debug|Win32
		{AFFA2070-DC02-474D-882C-5178ED4F7B04}.Debug|x86.Build.0 = Debug|Win32
		{AFFA2070-DC02-474D-882C-5178ED4F7B04}.Release|x64.ActiveCfg = Release|x64
		{AFFA2070-DC02-474D-882C-5178ED4F7B04}.Release|x64.Build.0 = Release|x64
		{AFFA2070-DC02-474D-882C-5178ED4F7B04}.Release|x86.ActiveCfg = Release|Win32
		{AFFA2070-DC02-474D-882C-5178ED4F7B04}.Release|x86.Build.0 = Release|Win32
		{BA7EC5BC-F4F8-462A-9120-82FD989E204C}.Debug|x64.ActiveCfg = Debug|x64
		{BA7EC5BC-F4F8-462A-9120-82FD989E204C}.Debug|x64.Build.0 = Debug|x64
		{BA7EC5BC-F4F8-462A-9120-82FD989E204C}.Debug|x86.ActiveCfg = Debug|Win32
		{BA7EC5BC-F4F8-462A-9120-82FD989E204C}.Debug|x86.Build.0 = Debug|Win32
		{BA7EC5BC-F4F8-462A-9120-82FD989E204C}.Release|x64.ActiveCfg = Release|x64
		{BA7EC5BC-F4F8-462A-9120-82FD989E204C}.Release|x64.Build.0 = Release|x64
		{BA7EC5BC-F4F8-462A-9120-82FD989E204C}.Release|x86.ActiveCfg = Release|Win32
		{BA7EC5BC-F4F8-462A-9120-82FD989E204C}.Release|x86.Build.0 = Release|Win32
		{093827FA-F2ED-48B5-992C-60C7A67C8BF0}.Debug|x64.ActiveCfg = Debug|x64
		{093827FA-F2ED-48B5-992C-60C7A67C8BF0}.Debug|x64.Build.0 = Debug|x64
		{093827FA-F2ED-48B5-992C-60C7A67C8BF0}.Debug|x86.ActiveCfg = Debug|Win32
		{093827FA-F2ED-48B5-992C-60C7A67C8BF0}.Debug|x86.Build.0 = Debug|Win32
		{093827FA-F2ED-48B5-992C-60C7A67C8BF0}.Release|x64.ActiveCfg = Release|x64
		{093827FA-F2ED-48B5-992C-60C7A67C8BF0}.Release|x64.Build.0 = Release|x64
		{093827FA-F2ED-48B5-992C-60C7A67C8BF0}.Release|x86.ActiveCfg = Release|Win32
		{093827FA-F2ED-48B5-992C-60C7A67C8BF0}.Release|x86.Build.0 = Release|Win32
		{4F0851B2-6500-4606-8F93-CC0349EA9196}.Debug|x64.ActiveCfg = Debug|x64
		{4F0851B2-6500-4606-8F93-CC0349EA9196}.Debug|x64.Build.0 = Debug|x64
		{4F0851B2-6500-4606-8F93-CC0349EA9196}.Debug|x86.ActiveCfg = Debug|Win32
		{4F0851B2-6500-4606-8F93-CC0349EA9196}.Debug|x86.Build.0 = Debug|Win32
		{4F0851B2-6500-4606-8F93-CC0349EA9196}.Release|x64.ActiveCfg = Release|x64
		{4F0851B2-6500-4606-8F93-CC0349EA9196}.Release|x64.Build.0 = Release|x64
		{4F0851B2-6500-4606-8F93-CC0349EA9196}.Release|x86.ActiveCfg = Release|Win32
		{4F0851B2-6500-4606-8F93-CC0349EA9196}.Release|x86.Build.0 = Release|Win32
		{5B98DD83-6789-4C42-AB1D-42CB62141A8C}.Debug|x64.ActiveCfg = Debug|x64
		{5B98DD83-6789-4C42-AB1D-42CB62141A8C}.Debug|x64.Build.0 = Debug|x64
		{5B98DD83-6789-4C42-AB1D-42CB62141A8C}.Debug|x86.ActiveCfg = Debug|Win32
		{5B98DD83-6789-4C42-AB1D-42CB62141A8C}.Debug|x86.Build.0 = Debug|Win32
		{5B98DD83-6789-4C42-AB1D-42CB62141A8C}.Release|x64.ActiveCfg = Release|x64
		{5B98DD83-6789-4C42-AB1D-42CB62141A8C}.Release|x64.Build.0 = Release|x64
		{5B98DD83-6789-4C42-AB1D-42CB62141A8C}.Release|x86.ActiveCfg = Release|Win32
		{5B98DD83-6789-4C42-AB1D-42CB62141A8C}.Release|x86.Build.0 = Release|Win32
		{8E03F82E-75D9-4A7A-A05D-2D213BD12110}.Debug|x64.ActiveCfg = Debug|x64
		{8E03F82E-75D9-4A7A-A05D-2D213BD12110}.Debug|x64.Build.0 = Debug|x64
		{8E03F82E-75D9-4A7A-A05D-2D213BD12110}.Debug|x86.ActiveCfg = Debug|Win32
		{8E03F82E-75D9-4A7A-A05D-2D213BD12110}.Debug|x86.Build.0 = Debug|Win32
		{8E03F82E-75D9-4A7A-A05D-2D213BD12110}.Release|x64.ActiveCfg = Release|x64
		{8E03F82E-75D9-4A7A-A05D-2D213BD12110}.Release|x64.Build.0 = Release|x64
		{8E03F82E-75D9-4A7A-A05D-2D213BD12110}.Release|x86.ActiveCfg = Release|Win32
		{8E03F82E-75D9-4A7A-A05D-2D213BD12110}.Release|x86.Build.0 = Release|Win32
	EndGlobalSection
	GlobalSection(SolutionProperties) = preSolution
		HideSolutionNode = FALSE
	EndGlobalSection
	GlobalSection(ExtensibilityGlobals) = postSolution
		SolutionGuid = {530E0303-A80B-4232-808E-52534A8AABD4}
	EndGlobalSection
EndGlobal
