
Microsoft Visual Studio Solution File, Format Version 12.00
# Visual Studio Version 16
VisualStudioVersion = 16.0.30621.155
MinimumVisualStudioVersion = 10.0.40219.1
Project("{8BC9CEB8-8B4A-11D0-8D11-00A0C91BC942}") = "1", "1\1.vcxproj", "{7F1D8097-55A6-4598-9B45-271D536E0936}"
EndProject
Project("{8BC9CEB8-8B4A-11D0-8D11-00A0C91BC942}") = "2", "2\2.vcxproj", "{86E5B04A-7DB5-4742-8BB3-A3F7961C176B}"
EndProject
Project("{8BC9CEB8-8B4A-11D0-8D11-00A0C91BC942}") = "3", "3\3.vcxproj", "{E7BA3DAC-518B-4307-9475-F83D4281AB24}"
EndProject
Project("{8BC9CEB8-8B4A-11D0-8D11-00A0C91BC942}") = "4", "4\4.vcxproj", "{19544193-66CC-4C84-95B1-A487944E4CF1}"
EndProject
Project("{8BC9CEB8-8B4A-11D0-8D11-00A0C91BC942}") = "5", "5\5.vcxproj", "{7CD94EEB-E575-4845-BD3D-22FDA5C1C119}"
EndProject
Project("{8BC9CEB8-8B4A-11D0-8D11-00A0C91BC942}") = "6", "6\6.vcxproj", "{CD24E696-99D2-41B6-9625-E3F41BC44097}"
EndProject
Project("{8BC9CEB8-8B4A-11D0-8D11-00A0C91BC942}") = "7", "7\7.vcxproj", "{75E44B88-17C2-4C01-BF13-03DDD2DA3E60}"
EndProject
Project("{8BC9CEB8-8B4A-11D0-8D11-00A0C91BC942}") = "8", "8\8.vcxproj", "{D534BF70-354D-4862-A537-F46CBBC16A34}"
EndProject
Project("{8BC9CEB8-8B4A-11D0-8D11-00A0C91BC942}") = "9", "9\9.vcxproj", "{15190EF5-A475-4B14-8582-67A14EB10515}"
EndProject
Project("{8BC9CEB8-8B4A-11D0-8D11-00A0C91BC942}") = "10", "10\10.vcxproj", "{75795ABD-21F1-4FAC-ACFA-366985179639}"
EndProject
Global
	GlobalSection(SolutionConfigurationPlatforms) = preSolution
		Debug|x64 = Debug|x64
		Debug|x86 = Debug|x86
		Release|x64 = Release|x64
		Release|x86 = Release|x86
	EndGlobalSection
	GlobalSection(ProjectConfigurationPlatforms) = postSolution
		{7F1D8097-55A6-4598-9B45-271D536E0936}.Debug|x64.ActiveCfg = Debug|x64
		{7F1D8097-55A6-4598-9B45-271D536E0936}.Debug|x64.Build.0 = Debug|x64
		{7F1D8097-55A6-4598-9B45-271D536E0936}.Debug|x86.ActiveCfg = Debug|Win32
		{7F1D8097-55A6-4598-9B45-271D536E0936}.Debug|x86.Build.0 = Debug|Win32
		{7F1D8097-55A6-4598-9B45-271D536E0936}.Release|x64.ActiveCfg = Release|x64
		{7F1D8097-55A6-4598-9B45-271D536E0936}.Release|x64.Build.0 = Release|x64
		{7F1D8097-55A6-4598-9B45-271D536E0936}.Release|x86.ActiveCfg = Release|Win32
		{7F1D8097-55A6-4598-9B45-271D536E0936}.Release|x86.Build.0 = Release|Win32
		{86E5B04A-7DB5-4742-8BB3-A3F7961C176B}.Debug|x64.ActiveCfg = Debug|x64
		{86E5B04A-7DB5-4742-8BB3-A3F7961C176B}.Debug|x64.Build.0 = Debug|x64
		{86E5B04A-7DB5-4742-8BB3-A3F7961C176B}.Debug|x86.ActiveCfg = Debug|Win32
		{86E5B04A-7DB5-4742-8BB3-A3F7961C176B}.Debug|x86.Build.0 = Debug|Win32
		{86E5B04A-7DB5-4742-8BB3-A3F7961C176B}.Release|x64.ActiveCfg = Release|x64
		{86E5B04A-7DB5-4742-8BB3-A3F7961C176B}.Release|x64.Build.0 = Release|x64
		{86E5B04A-7DB5-4742-8BB3-A3F7961C176B}.Release|x86.ActiveCfg = Release|Win32
		{86E5B04A-7DB5-4742-8BB3-A3F7961C176B}.Release|x86.Build.0 = Release|Win32
		{E7BA3DAC-518B-4307-9475-F83D4281AB24}.Debug|x64.ActiveCfg = Debug|x64
		{E7BA3DAC-518B-4307-9475-F83D4281AB24}.Debug|x64.Build.0 = Debug|x64
		{E7BA3DAC-518B-4307-9475-F83D4281AB24}.Debug|x86.ActiveCfg = Debug|Win32
		{E7BA3DAC-518B-4307-9475-F83D4281AB24}.Debug|x86.Build.0 = Debug|Win32
		{E7BA3DAC-518B-4307-9475-F83D4281AB24}.Release|x64.ActiveCfg = Release|x64
		{E7BA3DAC-518B-4307-9475-F83D4281AB24}.Release|x64.Build.0 = Release|x64
		{E7BA3DAC-518B-4307-9475-F83D4281AB24}.Release|x86.ActiveCfg = Release|Win32
		{E7BA3DAC-518B-4307-9475-F83D4281AB24}.Release|x86.Build.0 = Release|Win32
		{19544193-66CC-4C84-95B1-A487944E4CF1}.Debug|x64.ActiveCfg = Debug|x64
		{19544193-66CC-4C84-95B1-A487944E4CF1}.Debug|x64.Build.0 = Debug|x64
		{19544193-66CC-4C84-95B1-A487944E4CF1}.Debug|x86.ActiveCfg = Debug|Win32
		{19544193-66CC-4C84-95B1-A487944E4CF1}.Debug|x86.Build.0 = Debug|Win32
		{19544193-66CC-4C84-95B1-A487944E4CF1}.Release|x64.ActiveCfg = Release|x64
		{19544193-66CC-4C84-95B1-A487944E4CF1}.Release|x64.Build.0 = Release|x64
		{19544193-66CC-4C84-95B1-A487944E4CF1}.Release|x86.ActiveCfg = Release|Win32
		{19544193-66CC-4C84-95B1-A487944E4CF1}.Release|x86.Build.0 = Release|Win32
		{7CD94EEB-E575-4845-BD3D-22FDA5C1C119}.Debug|x64.ActiveCfg = Debug|x64
		{7CD94EEB-E575-4845-BD3D-22FDA5C1C119}.Debug|x64.Build.0 = Debug|x64
		{7CD94EEB-E575-4845-BD3D-22FDA5C1C119}.Debug|x86.ActiveCfg = Debug|Win32
		{7CD94EEB-E575-4845-BD3D-22FDA5C1C119}.Debug|x86.Build.0 = Debug|Win32
		{7CD94EEB-E575-4845-BD3D-22FDA5C1C119}.Release|x64.ActiveCfg = Release|x64
		{7CD94EEB-E575-4845-BD3D-22FDA5C1C119}.Release|x64.Build.0 = Release|x64
		{7CD94EEB-E575-4845-BD3D-22FDA5C1C119}.Release|x86.ActiveCfg = Release|Win32
		{7CD94EEB-E575-4845-BD3D-22FDA5C1C119}.Release|x86.Build.0 = Release|Win32
		{CD24E696-99D2-41B6-9625-E3F41BC44097}.Debug|x64.ActiveCfg = Debug|x64
		{CD24E696-99D2-41B6-9625-E3F41BC44097}.Debug|x64.Build.0 = Debug|x64
		{CD24E696-99D2-41B6-9625-E3F41BC44097}.Debug|x86.ActiveCfg = Debug|Win32
		{CD24E696-99D2-41B6-9625-E3F41BC44097}.Debug|x86.Build.0 = Debug|Win32
		{CD24E696-99D2-41B6-9625-E3F41BC44097}.Release|x64.ActiveCfg = Release|x64
		{CD24E696-99D2-41B6-9625-E3F41BC44097}.Release|x64.Build.0 = Release|x64
		{CD24E696-99D2-41B6-9625-E3F41BC44097}.Release|x86.ActiveCfg = Release|Win32
		{CD24E696-99D2-41B6-9625-E3F41BC44097}.Release|x86.Build.0 = Release|Win32
		{75E44B88-17C2-4C01-BF13-03DDD2DA3E60}.Debug|x64.ActiveCfg = Debug|x64
		{75E44B88-17C2-4C01-BF13-03DDD2DA3E60}.Debug|x64.Build.0 = Debug|x64
		{75E44B88-17C2-4C01-BF13-03DDD2DA3E60}.Debug|x86.ActiveCfg = Debug|Win32
		{75E44B88-17C2-4C01-BF13-03DDD2DA3E60}.Debug|x86.Build.0 = Debug|Win32
		{75E44B88-17C2-4C01-BF13-03DDD2DA3E60}.Release|x64.ActiveCfg = Release|x64
		{75E44B88-17C2-4C01-BF13-03DDD2DA3E60}.Release|x64.Build.0 = Release|x64
		{75E44B88-17C2-4C01-BF13-03DDD2DA3E60}.Release|x86.ActiveCfg = Release|Win32
		{75E44B88-17C2-4C01-BF13-03DDD2DA3E60}.Release|x86.Build.0 = Release|Win32
		{D534BF70-354D-4862-A537-F46CBBC16A34}.Debug|x64.ActiveCfg = Debug|x64
		{D534BF70-354D-4862-A537-F46CBBC16A34}.Debug|x64.Build.0 = Debug|x64
		{D534BF70-354D-4862-A537-F46CBBC16A34}.Debug|x86.ActiveCfg = Debug|Win32
		{D534BF70-354D-4862-A537-F46CBBC16A34}.Debug|x86.Build.0 = Debug|Win32
		{D534BF70-354D-4862-A537-F46CBBC16A34}.Release|x64.ActiveCfg = Release|x64
		{D534BF70-354D-4862-A537-F46CBBC16A34}.Release|x64.Build.0 = Release|x64
		{D534BF70-354D-4862-A537-F46CBBC16A34}.Release|x86.ActiveCfg = Release|Win32
		{D534BF70-354D-4862-A537-F46CBBC16A34}.Release|x86.Build.0 = Release|Win32
		{15190EF5-A475-4B14-8582-67A14EB10515}.Debug|x64.ActiveCfg = Debug|x64
		{15190EF5-A475-4B14-8582-67A14EB10515}.Debug|x64.Build.0 = Debug|x64
		{15190EF5-A475-4B14-8582-67A14EB10515}.Debug|x86.ActiveCfg = Debug|Win32
		{15190EF5-A475-4B14-8582-67A14EB10515}.Debug|x86.Build.0 = Debug|Win32
		{15190EF5-A475-4B14-8582-67A14EB10515}.Release|x64.ActiveCfg = Release|x64
		{15190EF5-A475-4B14-8582-67A14EB10515}.Release|x64.Build.0 = Release|x64
		{15190EF5-A475-4B14-8582-67A14EB10515}.Release|x86.ActiveCfg = Release|Win32
		{15190EF5-A475-4B14-8582-67A14EB10515}.Release|x86.Build.0 = Release|Win32
		{75795ABD-21F1-4FAC-ACFA-366985179639}.Debug|x64.ActiveCfg = Debug|x64
		{75795ABD-21F1-4FAC-ACFA-366985179639}.Debug|x64.Build.0 = Debug|x64
		{75795ABD-21F1-4FAC-ACFA-366985179639}.Debug|x86.ActiveCfg = Debug|Win32
		{75795ABD-21F1-4FAC-ACFA-366985179639}.Debug|x86.Build.0 = Debug|Win32
		{75795ABD-21F1-4FAC-ACFA-366985179639}.Release|x64.ActiveCfg = Release|x64
		{75795ABD-21F1-4FAC-ACFA-366985179639}.Release|x64.Build.0 = Release|x64
		{75795ABD-21F1-4FAC-ACFA-366985179639}.Release|x86.ActiveCfg = Release|Win32
		{75795ABD-21F1-4FAC-ACFA-366985179639}.Release|x86.Build.0 = Release|Win32
	EndGlobalSection
	GlobalSection(SolutionProperties) = preSolution
		HideSolutionNode = FALSE
	EndGlobalSection
	GlobalSection(ExtensibilityGlobals) = postSolution
		SolutionGuid = {BBD66F24-3FCF-4AC7-9EED-3F47190BDC44}
	EndGlobalSection
EndGlobal
